
Microsoft Visual Studio Solution File, Format Version 12.00
# Visual Studio Version 17
VisualStudioVersion = 17.11.35327.3
MinimumVisualStudioVersion = 10.0.40219.1
Project("{FAE04EC0-301F-11D3-BF4B-00C04F79EFBC}") = "WinForms.CalulateArea", "WinForms.CalulateArea\WinForms.CalulateArea.csproj", "{F170F73C-91E1-4631-8943-94818283B33E}"
EndProject
Global
	GlobalSection(SolutionConfigurationPlatforms) = preSolution
		Debug|Any CPU = Debug|Any CPU
		Release|Any CPU = Release|Any CPU
	EndGlobalSection
	GlobalSection(ProjectConfigurationPlatforms) = postSolution
		{F170F73C-91E1-4631-8943-94818283B33E}.Debug|Any CPU.ActiveCfg = Debug|Any CPU
		{F170F73C-91E1-4631-8943-94818283B33E}.Debug|Any CPU.Build.0 = Debug|Any CPU
		{F170F73C-91E1-4631-8943-94818283B33E}.Release|Any CPU.ActiveCfg = Release|Any CPU
		{F170F73C-91E1-4631-8943-94818283B33E}.Release|Any CPU.Build.0 = Release|Any CPU
	EndGlobalSection
	GlobalSection(SolutionProperties) = preSolution
		HideSolutionNode = FALSE
	EndGlobalSection
	GlobalSection(ExtensibilityGlobals) = postSolution
		SolutionGuid = {C52D750D-9BDB-4ED8-B666-18DA124C3944}
	EndGlobalSection
EndGlobal
